
Microsoft Visual Studio Solution File, Format Version 11.00
# Visual Studio 2010
Project("{8BC9CEB8-8B4A-11D0-8D11-00A0C91BC942}") = "XBLExamWorkflow", "XBLExamWorkflow\XBLExamWorkflow.vcxproj", "{CAE6EF57-3698-4DDA-955D-3FD01D9DCA19}"
EndProject
Global
	GlobalSection(TeamFoundationVersionControl) = preSolution
		SccNumberOfProjects = 2
		SccEnterpriseProvider = {4CA58AB2-18FA-4F8D-95D4-32DDF27D184C}
		SccTeamFoundationServer = http://tfs:8080/tfs/defaultcollection
		SccLocalPath0 = .
		SccProjectUniqueName1 = XBLExamWorkflow\\XBLExamWorkflow.vcxproj
		SccProjectName1 = XBLExamWorkflow
		SccLocalPath1 = XBLExamWorkflow
	EndGlobalSection
	GlobalSection(SolutionConfigurationPlatforms) = preSolution
		Debug|x64 = Debug|x64
		Release|x64 = Release|x64
	EndGlobalSection
	GlobalSection(ProjectConfigurationPlatforms) = postSolution
		{CAE6EF57-3698-4DDA-955D-3FD01D9DCA19}.Debug|x64.ActiveCfg = Debug|x64
		{CAE6EF57-3698-4DDA-955D-3FD01D9DCA19}.Debug|x64.Build.0 = Debug|x64
		{CAE6EF57-3698-4DDA-955D-3FD01D9DCA19}.Release|x64.ActiveCfg = Release|x64
		{CAE6EF57-3698-4DDA-955D-3FD01D9DCA19}.Release|x64.Build.0 = Release|x64
	EndGlobalSection
	GlobalSection(SolutionProperties) = preSolution
		HideSolutionNode = FALSE
	EndGlobalSection
EndGlobal
