
Microsoft Visual Studio Solution File, Format Version 11.00
# Visual Studio 2010
Project("{FAE04EC0-301F-11D3-BF4B-00C04F79EFBC}") = "UIH.XR.GlobalParameter", "UIH.XR.GlobalParameter\UIH.XR.GlobalParameter.csproj", "{B162D2E5-254F-4D45-90FA-6D849DCCBD2D}"
EndProject
Project("{FAE04EC0-301F-11D3-BF4B-00C04F79EFBC}") = "UIH.XR.Common", "UIH.XR.Common\UIH.XR.Common.csproj", "{A4C0305C-0966-4FB7-8C77-D315E486810C}"
EndProject
Project("{FAE04EC0-301F-11D3-BF4B-00C04F79EFBC}") = "UIH.XR.Utility", "UIH.XR.Utility\UIH.XR.Utility.csproj", "{E802AAAD-A950-4C56-945B-4DDB31B72A49}"
EndProject
Global
	GlobalSection(TeamFoundationVersionControl) = preSolution
		SccNumberOfProjects = 4
		SccEnterpriseProvider = {4CA58AB2-18FA-4F8D-95D4-32DDF27D184C}
		SccTeamFoundationServer = http://tfs:8080/tfs/defaultcollection
		SccLocalPath0 = .
		SccProjectUniqueName1 = UIH.XR.GlobalParameter\\UIH.XR.GlobalParameter.csproj
		SccProjectName1 = UIH.XR.GlobalParameter
		SccLocalPath1 = UIH.XR.GlobalParameter
		SccProjectUniqueName2 = UIH.XR.Common\\UIH.XR.Common.csproj
		SccProjectName2 = UIH.XR.Common
		SccLocalPath2 = UIH.XR.Common
		SccProjectUniqueName3 = UIH.XR.Utility\\UIH.XR.Utility.csproj
		SccProjectName3 = UIH.XR.Utility
		SccLocalPath3 = UIH.XR.Utility
	EndGlobalSection
	GlobalSection(SolutionConfigurationPlatforms) = preSolution
		Debug|Any CPU = Debug|Any CPU
		Debug|Mixed Platforms = Debug|Mixed Platforms
		Debug|x86 = Debug|x86
		Release|Any CPU = Release|Any CPU
		Release|Mixed Platforms = Release|Mixed Platforms
		Release|x86 = Release|x86
	EndGlobalSection
	GlobalSection(ProjectConfigurationPlatforms) = postSolution
		{B162D2E5-254F-4D45-90FA-6D849DCCBD2D}.Debug|Any CPU.ActiveCfg = Debug|Any CPU
		{B162D2E5-254F-4D45-90FA-6D849DCCBD2D}.Debug|Any CPU.Build.0 = Debug|Any CPU
		{B162D2E5-254F-4D45-90FA-6D849DCCBD2D}.Debug|Mixed Platforms.ActiveCfg = Debug|Any CPU
		{B162D2E5-254F-4D45-90FA-6D849DCCBD2D}.Debug|Mixed Platforms.Build.0 = Debug|Any CPU
		{B162D2E5-254F-4D45-90FA-6D849DCCBD2D}.Debug|x86.ActiveCfg = Debug|Any CPU
		{B162D2E5-254F-4D45-90FA-6D849DCCBD2D}.Release|Any CPU.ActiveCfg = Release|Any CPU
		{B162D2E5-254F-4D45-90FA-6D849DCCBD2D}.Release|Any CPU.Build.0 = Release|Any CPU
		{B162D2E5-254F-4D45-90FA-6D849DCCBD2D}.Release|Mixed Platforms.ActiveCfg = Release|Any CPU
		{B162D2E5-254F-4D45-90FA-6D849DCCBD2D}.Release|Mixed Platforms.Build.0 = Release|Any CPU
		{B162D2E5-254F-4D45-90FA-6D849DCCBD2D}.Release|x86.ActiveCfg = Release|Any CPU
		{A4C0305C-0966-4FB7-8C77-D315E486810C}.Debug|Any CPU.ActiveCfg = Debug|Any CPU
		{A4C0305C-0966-4FB7-8C77-D315E486810C}.Debug|Any CPU.Build.0 = Debug|Any CPU
		{A4C0305C-0966-4FB7-8C77-D315E486810C}.Debug|Mixed Platforms.ActiveCfg = Debug|Any CPU
		{A4C0305C-0966-4FB7-8C77-D315E486810C}.Debug|Mixed Platforms.Build.0 = Debug|Any CPU
		{A4C0305C-0966-4FB7-8C77-D315E486810C}.Debug|x86.ActiveCfg = Debug|Any CPU
		{A4C0305C-0966-4FB7-8C77-D315E486810C}.Release|Any CPU.ActiveCfg = Release|Any CPU
		{A4C0305C-0966-4FB7-8C77-D315E486810C}.Release|Any CPU.Build.0 = Release|Any CPU
		{A4C0305C-0966-4FB7-8C77-D315E486810C}.Release|Mixed Platforms.ActiveCfg = Release|Any CPU
		{A4C0305C-0966-4FB7-8C77-D315E486810C}.Release|Mixed Platforms.Build.0 = Release|Any CPU
		{A4C0305C-0966-4FB7-8C77-D315E486810C}.Release|x86.ActiveCfg = Release|Any CPU
		{E802AAAD-A950-4C56-945B-4DDB31B72A49}.Debug|Any CPU.ActiveCfg = Debug|Any CPU
		{E802AAAD-A950-4C56-945B-4DDB31B72A49}.Debug|Any CPU.Build.0 = Debug|Any CPU
		{E802AAAD-A950-4C56-945B-4DDB31B72A49}.Debug|Mixed Platforms.ActiveCfg = Debug|Any CPU
		{E802AAAD-A950-4C56-945B-4DDB31B72A49}.Debug|Mixed Platforms.Build.0 = Debug|Any CPU
		{E802AAAD-A950-4C56-945B-4DDB31B72A49}.Debug|x86.ActiveCfg = Debug|Any CPU
		{E802AAAD-A950-4C56-945B-4DDB31B72A49}.Release|Any CPU.ActiveCfg = Release|Any CPU
		{E802AAAD-A950-4C56-945B-4DDB31B72A49}.Release|Any CPU.Build.0 = Release|Any CPU
		{E802AAAD-A950-4C56-945B-4DDB31B72A49}.Release|Mixed Platforms.ActiveCfg = Release|Any CPU
		{E802AAAD-A950-4C56-945B-4DDB31B72A49}.Release|Mixed Platforms.Build.0 = Release|Any CPU
		{E802AAAD-A950-4C56-945B-4DDB31B72A49}.Release|x86.ActiveCfg = Release|Any CPU
	EndGlobalSection
	GlobalSection(SolutionProperties) = preSolution
		HideSolutionNode = FALSE
	EndGlobalSection
EndGlobal
