
Microsoft Visual Studio Solution File, Format Version 11.00
# Visual Studio 2010
Project("{FAE04EC0-301F-11D3-BF4B-00C04F79EFBC}") = "XSample.Views", "XSample.Views\XSample.Views.csproj", "{86D330B3-BA0F-4321-A10B-52C76F474FB4}"
EndProject
Project("{FAE04EC0-301F-11D3-BF4B-00C04F79EFBC}") = "XSample", "XSample\XSample.csproj", "{C4E7E2AB-B623-44D2-BD82-392B114A3B14}"
EndProject
Project("{FAE04EC0-301F-11D3-BF4B-00C04F79EFBC}") = "XSample.Shells", "XSample.Shells\XSample.Shells.csproj", "{9104548F-42D1-4722-B4FF-9BF9EF56CBA1}"
EndProject
Project("{FAE04EC0-301F-11D3-BF4B-00C04F79EFBC}") = "XSample.ViewModels", "XSample.ViewModels\XSample.ViewModels.csproj", "{DB358A4D-8646-4750-9743-EA6AD524EA03}"
EndProject
Project("{FAE04EC0-301F-11D3-BF4B-00C04F79EFBC}") = "XSample.BusinessLogicInterface", "XSample.BusinessInterface\XSample.BusinessLogicInterface.csproj", "{A8CDB6FE-89B2-4E27-94E4-700B0FB6B660}"
EndProject
Project("{FAE04EC0-301F-11D3-BF4B-00C04F79EFBC}") = "XSample.BusinessLogicExcutor", "XSample.BusinessLogicExcutor\XSample.BusinessLogicExcutor.csproj", "{C67939FC-7637-49A2-934F-9037DE434B8A}"
EndProject
Project("{FAE04EC0-301F-11D3-BF4B-00C04F79EFBC}") = "XSample.Models", "XSample.Models\XSample.Models.csproj", "{288F3887-BDE1-4264-AB4E-3A60E2DD0658}"
EndProject
Project("{FAE04EC0-301F-11D3-BF4B-00C04F79EFBC}") = "XSample.Web", "XSample.Web\XSample.Web.csproj", "{547694EF-B1E6-478C-B597-8C7B6129D6D5}"
EndProject
Project("{2150E333-8FDC-42A3-9474-1A3956D46DE8}") = "BusinessLogic", "BusinessLogic", "{786F2B13-B013-4074-9AE0-4CD231EB1AC1}"
EndProject
Project("{2150E333-8FDC-42A3-9474-1A3956D46DE8}") = "Web", "Web", "{12F1AA55-D66E-4E48-B7E5-65818B7C138F}"
EndProject
Project("{FAE04EC0-301F-11D3-BF4B-00C04F79EFBC}") = "XSample.Utility", "XSample.Utility\XSample.Utility.csproj", "{020E2230-6221-4569-A118-E0A916E89716}"
EndProject
Global
	GlobalSection(TeamFoundationVersionControl) = preSolution
		SccNumberOfProjects = 10
		SccEnterpriseProvider = {4CA58AB2-18FA-4F8D-95D4-32DDF27D184C}
		SccTeamFoundationServer = http://tfs:8080/tfs/defaultcollection
		SccLocalPath0 = .
		SccProjectUniqueName1 = XSample\\XSample.csproj
		SccProjectName1 = XSample
		SccLocalPath1 = XSample
		SccProjectUniqueName2 = XSample.Models\\XSample.Models.csproj
		SccProjectName2 = XSample.Models
		SccLocalPath2 = XSample.Models
		SccProjectUniqueName3 = XSample.ViewModels\\XSample.ViewModels.csproj
		SccProjectName3 = XSample.ViewModels
		SccLocalPath3 = XSample.ViewModels
		SccProjectUniqueName4 = XSample.Utility\\XSample.Utility.csproj
		SccProjectName4 = XSample.Utility
		SccLocalPath4 = XSample.Utility
		SccProjectUniqueName5 = XSample.Shells\\XSample.Shells.csproj
		SccProjectName5 = XSample.Shells
		SccLocalPath5 = XSample.Shells
		SccProjectUniqueName6 = XSample.Views\\XSample.Views.csproj
		SccProjectName6 = XSample.Views
		SccLocalPath6 = XSample.Views
		SccProjectUniqueName7 = XSample.Web\\XSample.Web.csproj
		SccProjectTopLevelParentUniqueName7 = XSample.sln
		SccProjectName7 = XSample.Web
		SccLocalPath7 = XSample.Web
		SccProjectUniqueName8 = XSample.BusinessInterface\\XSample.BusinessLogicInterface.csproj
		SccProjectTopLevelParentUniqueName8 = XSample.sln
		SccProjectName8 = XSample.BusinessInterface
		SccLocalPath8 = XSample.BusinessInterface
		SccProjectUniqueName9 = XSample.BusinessLogicExcutor\\XSample.BusinessLogicExcutor.csproj
		SccProjectTopLevelParentUniqueName9 = XSample.sln
		SccProjectName9 = XSample.BusinessLogicExcutor
		SccLocalPath9 = XSample.BusinessLogicExcutor
	EndGlobalSection
	GlobalSection(SolutionConfigurationPlatforms) = preSolution
		Debug|Any CPU = Debug|Any CPU
		Debug|x86 = Debug|x86
		Release|Any CPU = Release|Any CPU
		Release|x86 = Release|x86
	EndGlobalSection
	GlobalSection(ProjectConfigurationPlatforms) = postSolution
		{86D330B3-BA0F-4321-A10B-52C76F474FB4}.Debug|Any CPU.ActiveCfg = Debug|Any CPU
		{86D330B3-BA0F-4321-A10B-52C76F474FB4}.Debug|Any CPU.Build.0 = Debug|Any CPU
		{86D330B3-BA0F-4321-A10B-52C76F474FB4}.Debug|x86.ActiveCfg = Debug|Any CPU
		{86D330B3-BA0F-4321-A10B-52C76F474FB4}.Release|Any CPU.ActiveCfg = Release|Any CPU
		{86D330B3-BA0F-4321-A10B-52C76F474FB4}.Release|Any CPU.Build.0 = Release|Any CPU
		{86D330B3-BA0F-4321-A10B-52C76F474FB4}.Release|x86.ActiveCfg = Release|Any CPU
		{C4E7E2AB-B623-44D2-BD82-392B114A3B14}.Debug|Any CPU.ActiveCfg = Debug|Any CPU
		{C4E7E2AB-B623-44D2-BD82-392B114A3B14}.Debug|Any CPU.Build.0 = Debug|Any CPU
		{C4E7E2AB-B623-44D2-BD82-392B114A3B14}.Debug|x86.ActiveCfg = Debug|Any CPU
		{C4E7E2AB-B623-44D2-BD82-392B114A3B14}.Release|Any CPU.ActiveCfg = Release|Any CPU
		{C4E7E2AB-B623-44D2-BD82-392B114A3B14}.Release|Any CPU.Build.0 = Release|Any CPU
		{C4E7E2AB-B623-44D2-BD82-392B114A3B14}.Release|x86.ActiveCfg = Release|Any CPU
		{9104548F-42D1-4722-B4FF-9BF9EF56CBA1}.Debug|Any CPU.ActiveCfg = Debug|Any CPU
		{9104548F-42D1-4722-B4FF-9BF9EF56CBA1}.Debug|Any CPU.Build.0 = Debug|Any CPU
		{9104548F-42D1-4722-B4FF-9BF9EF56CBA1}.Debug|x86.ActiveCfg = Debug|x86
		{9104548F-42D1-4722-B4FF-9BF9EF56CBA1}.Debug|x86.Build.0 = Debug|x86
		{9104548F-42D1-4722-B4FF-9BF9EF56CBA1}.Release|Any CPU.ActiveCfg = Release|Any CPU
		{9104548F-42D1-4722-B4FF-9BF9EF56CBA1}.Release|Any CPU.Build.0 = Release|Any CPU
		{9104548F-42D1-4722-B4FF-9BF9EF56CBA1}.Release|x86.ActiveCfg = Release|x86
		{9104548F-42D1-4722-B4FF-9BF9EF56CBA1}.Release|x86.Build.0 = Release|x86
		{DB358A4D-8646-4750-9743-EA6AD524EA03}.Debug|Any CPU.ActiveCfg = Debug|Any CPU
		{DB358A4D-8646-4750-9743-EA6AD524EA03}.Debug|Any CPU.Build.0 = Debug|Any CPU
		{DB358A4D-8646-4750-9743-EA6AD524EA03}.Debug|x86.ActiveCfg = Debug|Any CPU
		{DB358A4D-8646-4750-9743-EA6AD524EA03}.Release|Any CPU.ActiveCfg = Release|Any CPU
		{DB358A4D-8646-4750-9743-EA6AD524EA03}.Release|Any CPU.Build.0 = Release|Any CPU
		{DB358A4D-8646-4750-9743-EA6AD524EA03}.Release|x86.ActiveCfg = Release|Any CPU
		{A8CDB6FE-89B2-4E27-94E4-700B0FB6B660}.Debug|Any CPU.ActiveCfg = Debug|Any CPU
		{A8CDB6FE-89B2-4E27-94E4-700B0FB6B660}.Debug|Any CPU.Build.0 = Debug|Any CPU
		{A8CDB6FE-89B2-4E27-94E4-700B0FB6B660}.Debug|x86.ActiveCfg = Debug|Any CPU
		{A8CDB6FE-89B2-4E27-94E4-700B0FB6B660}.Release|Any CPU.ActiveCfg = Release|Any CPU
		{A8CDB6FE-89B2-4E27-94E4-700B0FB6B660}.Release|Any CPU.Build.0 = Release|Any CPU
		{A8CDB6FE-89B2-4E27-94E4-700B0FB6B660}.Release|x86.ActiveCfg = Release|Any CPU
		{C67939FC-7637-49A2-934F-9037DE434B8A}.Debug|Any CPU.ActiveCfg = Debug|Any CPU
		{C67939FC-7637-49A2-934F-9037DE434B8A}.Debug|Any CPU.Build.0 = Debug|Any CPU
		{C67939FC-7637-49A2-934F-9037DE434B8A}.Debug|x86.ActiveCfg = Debug|x86
		{C67939FC-7637-49A2-934F-9037DE434B8A}.Debug|x86.Build.0 = Debug|x86
		{C67939FC-7637-49A2-934F-9037DE434B8A}.Release|Any CPU.ActiveCfg = Release|Any CPU
		{C67939FC-7637-49A2-934F-9037DE434B8A}.Release|Any CPU.Build.0 = Release|Any CPU
		{C67939FC-7637-49A2-934F-9037DE434B8A}.Release|x86.ActiveCfg = Release|x86
		{C67939FC-7637-49A2-934F-9037DE434B8A}.Release|x86.Build.0 = Release|x86
		{288F3887-BDE1-4264-AB4E-3A60E2DD0658}.Debug|Any CPU.ActiveCfg = Debug|Any CPU
		{288F3887-BDE1-4264-AB4E-3A60E2DD0658}.Debug|Any CPU.Build.0 = Debug|Any CPU
		{288F3887-BDE1-4264-AB4E-3A60E2DD0658}.Debug|x86.ActiveCfg = Debug|Any CPU
		{288F3887-BDE1-4264-AB4E-3A60E2DD0658}.Release|Any CPU.ActiveCfg = Release|Any CPU
		{288F3887-BDE1-4264-AB4E-3A60E2DD0658}.Release|Any CPU.Build.0 = Release|Any CPU
		{288F3887-BDE1-4264-AB4E-3A60E2DD0658}.Release|x86.ActiveCfg = Release|Any CPU
		{547694EF-B1E6-478C-B597-8C7B6129D6D5}.Debug|Any CPU.ActiveCfg = Debug|Any CPU
		{547694EF-B1E6-478C-B597-8C7B6129D6D5}.Debug|Any CPU.Build.0 = Debug|Any CPU
		{547694EF-B1E6-478C-B597-8C7B6129D6D5}.Debug|x86.ActiveCfg = Debug|Any CPU
		{547694EF-B1E6-478C-B597-8C7B6129D6D5}.Release|Any CPU.ActiveCfg = Release|Any CPU
		{547694EF-B1E6-478C-B597-8C7B6129D6D5}.Release|Any CPU.Build.0 = Release|Any CPU
		{547694EF-B1E6-478C-B597-8C7B6129D6D5}.Release|x86.ActiveCfg = Release|Any CPU
		{020E2230-6221-4569-A118-E0A916E89716}.Debug|Any CPU.ActiveCfg = Debug|Any CPU
		{020E2230-6221-4569-A118-E0A916E89716}.Debug|Any CPU.Build.0 = Debug|Any CPU
		{020E2230-6221-4569-A118-E0A916E89716}.Debug|x86.ActiveCfg = Debug|Any CPU
		{020E2230-6221-4569-A118-E0A916E89716}.Release|Any CPU.ActiveCfg = Release|Any CPU
		{020E2230-6221-4569-A118-E0A916E89716}.Release|Any CPU.Build.0 = Release|Any CPU
		{020E2230-6221-4569-A118-E0A916E89716}.Release|x86.ActiveCfg = Release|Any CPU
	EndGlobalSection
	GlobalSection(SolutionProperties) = preSolution
		HideSolutionNode = FALSE
	EndGlobalSection
	GlobalSection(NestedProjects) = preSolution
		{C67939FC-7637-49A2-934F-9037DE434B8A} = {786F2B13-B013-4074-9AE0-4CD231EB1AC1}
		{A8CDB6FE-89B2-4E27-94E4-700B0FB6B660} = {786F2B13-B013-4074-9AE0-4CD231EB1AC1}
		{547694EF-B1E6-478C-B597-8C7B6129D6D5} = {12F1AA55-D66E-4E48-B7E5-65818B7C138F}
	EndGlobalSection
EndGlobal
